
Microsoft Visual Studio Solution File, Format Version 12.00
# Visual Studio Version 17
VisualStudioVersion = 17.3.32901.215
MinimumVisualStudioVersion = 10.0.40219.1
Project("{FAE04EC0-301F-11D3-BF4B-00C04F79EFBC}") = "dziedziczenie", "dziedziczenie\dziedziczenie.csproj", "{EEF12145-4CED-4390-A3C9-2DFE4A86937A}"
EndProject
Global
	GlobalSection(SolutionConfigurationPlatforms) = preSolution
		Debug|Any CPU = Debug|Any CPU
		Release|Any CPU = Release|Any CPU
	EndGlobalSection
	GlobalSection(ProjectConfigurationPlatforms) = postSolution
		{EEF12145-4CED-4390-A3C9-2DFE4A86937A}.Debug|Any CPU.ActiveCfg = Debug|Any CPU
		{EEF12145-4CED-4390-A3C9-2DFE4A86937A}.Debug|Any CPU.Build.0 = Debug|Any CPU
		{EEF12145-4CED-4390-A3C9-2DFE4A86937A}.Release|Any CPU.ActiveCfg = Release|Any CPU
		{EEF12145-4CED-4390-A3C9-2DFE4A86937A}.Release|Any CPU.Build.0 = Release|Any CPU
	EndGlobalSection
	GlobalSection(SolutionProperties) = preSolution
		HideSolutionNode = FALSE
	EndGlobalSection
	GlobalSection(ExtensibilityGlobals) = postSolution
		SolutionGuid = {CE8C73CC-5251-42E0-8F51-2128D649D5C3}
	EndGlobalSection
EndGlobal
