
Microsoft Visual Studio Solution File, Format Version 12.00
# Visual Studio Version 17
VisualStudioVersion = 17.3.32901.215
MinimumVisualStudioVersion = 10.0.40219.1
Project("{FAE04EC0-301F-11D3-BF4B-00C04F79EFBC}") = "Try, catch, finally", "Try, catch, finally\Try, catch, finally.csproj", "{E74E4644-0267-44BF-8138-CCB6C66BEEA9}"
EndProject
Global
	GlobalSection(SolutionConfigurationPlatforms) = preSolution
		Debug|Any CPU = Debug|Any CPU
		Release|Any CPU = Release|Any CPU
	EndGlobalSection
	GlobalSection(ProjectConfigurationPlatforms) = postSolution
		{E74E4644-0267-44BF-8138-CCB6C66BEEA9}.Debug|Any CPU.ActiveCfg = Debug|Any CPU
		{E74E4644-0267-44BF-8138-CCB6C66BEEA9}.Debug|Any CPU.Build.0 = Debug|Any CPU
		{E74E4644-0267-44BF-8138-CCB6C66BEEA9}.Release|Any CPU.ActiveCfg = Release|Any CPU
		{E74E4644-0267-44BF-8138-CCB6C66BEEA9}.Release|Any CPU.Build.0 = Release|Any CPU
	EndGlobalSection
	GlobalSection(SolutionProperties) = preSolution
		HideSolutionNode = FALSE
	EndGlobalSection
	GlobalSection(ExtensibilityGlobals) = postSolution
		SolutionGuid = {973C61C2-2217-4AD5-9EF6-32A1B3B70430}
	EndGlobalSection
EndGlobal
